
Microsoft Visual Studio Solution File, Format Version 12.00
# Visual Studio 15
VisualStudioVersion = 15.0.26228.4
MinimumVisualStudioVersion = 10.0.40219.1
Project("{FAE04EC0-301F-11D3-BF4B-00C04F79EFBC}") = "CustomMediaControl", "CustomMediaControl\CustomMediaControl.csproj", "{B6FB1DB6-8D27-43A7-ADC8-C606643167DC}"
EndProject
Global
	GlobalSection(SolutionConfigurationPlatforms) = preSolution
		Debug|ARM = Debug|ARM
		Debug|x64 = Debug|x64
		Debug|x86 = Debug|x86
		Release|ARM = Release|ARM
		Release|x64 = Release|x64
		Release|x86 = Release|x86
	EndGlobalSection
	GlobalSection(ProjectConfigurationPlatforms) = postSolution
		{B6FB1DB6-8D27-43A7-ADC8-C606643167DC}.Debug|ARM.ActiveCfg = Debug|ARM
		{B6FB1DB6-8D27-43A7-ADC8-C606643167DC}.Debug|ARM.Build.0 = Debug|ARM
		{B6FB1DB6-8D27-43A7-ADC8-C606643167DC}.Debug|ARM.Deploy.0 = Debug|ARM
		{B6FB1DB6-8D27-43A7-ADC8-C606643167DC}.Debug|x64.ActiveCfg = Debug|x64
		{B6FB1DB6-8D27-43A7-ADC8-C606643167DC}.Debug|x64.Build.0 = Debug|x64
		{B6FB1DB6-8D27-43A7-ADC8-C606643167DC}.Debug|x64.Deploy.0 = Debug|x64
		{B6FB1DB6-8D27-43A7-ADC8-C606643167DC}.Debug|x86.ActiveCfg = Debug|x86
		{B6FB1DB6-8D27-43A7-ADC8-C606643167DC}.Debug|x86.Build.0 = Debug|x86
		{B6FB1DB6-8D27-43A7-ADC8-C606643167DC}.Debug|x86.Deploy.0 = Debug|x86
		{B6FB1DB6-8D27-43A7-ADC8-C606643167DC}.Release|ARM.ActiveCfg = Release|ARM
		{B6FB1DB6-8D27-43A7-ADC8-C606643167DC}.Release|ARM.Build.0 = Release|ARM
		{B6FB1DB6-8D27-43A7-ADC8-C606643167DC}.Release|ARM.Deploy.0 = Release|ARM
		{B6FB1DB6-8D27-43A7-ADC8-C606643167DC}.Release|x64.ActiveCfg = Release|x64
		{B6FB1DB6-8D27-43A7-ADC8-C606643167DC}.Release|x64.Build.0 = Release|x64
		{B6FB1DB6-8D27-43A7-ADC8-C606643167DC}.Release|x64.Deploy.0 = Release|x64
		{B6FB1DB6-8D27-43A7-ADC8-C606643167DC}.Release|x86.ActiveCfg = Release|x86
		{B6FB1DB6-8D27-43A7-ADC8-C606643167DC}.Release|x86.Build.0 = Release|x86
		{B6FB1DB6-8D27-43A7-ADC8-C606643167DC}.Release|x86.Deploy.0 = Release|x86
	EndGlobalSection
	GlobalSection(SolutionProperties) = preSolution
		HideSolutionNode = FALSE
	EndGlobalSection
EndGlobal
